{
  "name": "tauri-app",
  "version": "0.1.0",
  "lockfileVersion": 3,
  "requires": true,
  "packages": {
    "": {
      "name": "tauri-app",
      "version": "0.1.0",
      "devDependencies": {
        "@tauri-apps/cli": "^2.11.5"
      }
    },
    "node_modules/@tauri-apps/cli": {
      "version": "2.11.5",
      "resolved": "https://registry.npmjs.org/@tauri-apps/cli/-/cli-2.11.5.tgz",
      "integrity": "sha512-YbeJ6tctNoo40purO4u3Eeo3RVqmsjJr0NoKQRu+4pvO4gMLzkjta7x0k96SxSLmx+rQ+8um1ThOlw+HLpgFug==",
      "dev": true,
      "license": "Apache-2.0 OR MIT",
      "bin": {
        "tauri": "tauri.js"
      },
      "engines": {
        "node": ">= 10"
      },
      "funding": {
        "type": "opencollective",
        "url": "https://opencollective.com/tauri"
      },
      "optionalDependencies": {
        "@tauri-apps/cli-darwin-arm64": "2.11.5",
        "@tauri-apps/cli-darwin-x64": "2.11.5",
        "@tauri-apps/cli-linux-arm-gnueabihf": "2.11.5",
        "@tauri-apps/cli-linux-arm64-gnu": "2.11.5",
        "@tauri-apps/cli-linux-arm64-musl": "2.11.5",
        "@tauri-apps/cli-linux-riscv64-gnu": "2.11.5",
        "@tauri-apps/cli-linux-x64-gnu": "2.11.5",
        "@tauri-apps/cli-linux-x64-musl": "2.11.5",
        "@tauri-apps/cli-win32-arm64-msvc": "2.11.5",
        "@tauri-apps/cli-win32-ia32-msvc": "2.11.5",
        "@tauri-apps/cli-win32-x64-msvc": "2.11.5"
      }
    },
    "node_modules/@tauri-apps/cli-darwin-arm64": {
      "version": "2.11.5",
      "resolved": "https://registry.npmjs.org/@tauri-apps/cli-darwin-arm64/-/cli-darwin-arm64-2.11.5.tgz",
      "integrity": "sha512-tggOiVOohjIHdiElbjeBfB41s6cmfsq+ZQ0PX0fEtCdsDdZ9cCi54e5gNK7tdPbR6JbdDe7RA4kbQdyyBUUk/Q==",
      "cpu": [
        "arm64"
      ],
      "dev": true,
      "license": "Apache-2.0 OR MIT",
      "optional": true,
      "os": [
        "darwin"
      ],
      "engines": {
        "node": ">= 10"
      }
    },
    "node_modules/@tauri-apps/cli-darwin-x64": {
      "version": "2.11.5",
      "resolved": "https://registry.npmjs.org/@tauri-apps/cli-darwin-x64/-/cli-darwin-x64-2.11.5.tgz",
      "integrity": "sha512-SrO+KCbqvG1IvVPdlzQX4GEGZRQDISrmDY9bGcW68DLVFBCC06H+Loz6oyUZETUxsSMR6B4oDfvbQVgD4hxsqQ==",
      "cpu": [
        "x64"
      ],
      "dev": true,
      "license": "Apache-2.0 OR MIT",
      "optional": true,
      "os": [
        "darwin"
      ],
      "engines": {
        "node": ">= 10"
      }
    },
    "node_modules/@tauri-apps/cli-linux-arm-gnueabihf": {
      "version": "2.11.5",
      "resolved": "https://registry.npmjs.org/@tauri-apps/cli-linux-arm-gnueabihf/-/cli-linux-arm-gnueabihf-2.11.5.tgz",
      "integrity": "sha512-qLrOaCa8hLD5QVPQRjAgOXvhlTFKXmTliVF773GgvADYcWZSdmncnF5zBFAkdu1uQK8KfQbDlBUwqQYZqBfBRQ==",
      "cpu": [
        "arm"
      ],
      "dev": true,
      "license": "Apache-2.0 OR MIT",
      "optional": true,
      "os": [
        "linux"
      ],
      "engines": {
        "node": ">= 10"
      }
    },
    "node_modules/@tauri-apps/cli-linux-arm64-gnu": {
      "version": "2.11.5",
      "resolved": "https://registry.npmjs.org/@tauri-apps/cli-linux-arm64-gnu/-/cli-linux-arm64-gnu-2.11.5.tgz",
      "integrity": "sha512-Tq32xpQjiQEdIrvwDq7lwHhXemn070CXWdbCvr9rdi9rsv9NFTbQ6izVSIfNE+59QaerxuwtUtZ5IxDNWaoYBw==",
      "cpu": [
        "arm64"
      ],
      "dev": true,
      "license": "Apache-2.0 OR MIT",
      "optional": true,
      "os": [
        "linux"
      ],
      "engines": {
        "node": ">= 10"
      }
    },
    "node_modules/@tauri-apps/cli-linux-arm64-musl": {
      "version": "2.11.5",
      "resolved": "https://registry.npmjs.org/@tauri-apps/cli-linux-arm64-musl/-/cli-linux-arm64-musl-2.11.5.tgz",
      "integrity": "sha512-+OdWKj5Aq+C8HXypQ4t926V8cpVnc0ZcJIdhTXWjVAJHkaNuo8EuQR6KRZKHWIbJJgKdMPCDosvwzIFaBBqHKQ==",
      "cpu": [
        "arm64"
      ],
      "dev": true,
      "license": "Apache-2.0 OR MIT",
      "optional": true,
      "os": [
        "linux"
      ],
      "engines": {
        "node": ">= 10"
      }
    },
    "node_modules/@tauri-apps/cli-linux-riscv64-gnu": {
      "version": "2.11.5",
      "resolved": "https://registry.npmjs.org/@tauri-apps/cli-linux-riscv64-gnu/-/cli-linux-riscv64-gnu-2.11.5.tgz",
      "integrity": "sha512-Q0V2hjpllyDW8dWQZSsITuQDfcY9BpBZuhXkMa2T5AFLZAn+FJPXQSyvnxWNVxRowdQ59Xn0QVtGm6HEHNUEvw==",
      "cpu": [
        "riscv64"
      ],
      "dev": true,
      "license": "Apache-2.0 OR MIT",
      "optional": true,
      "os": [
        "linux"
      ],
      "engines": {
        "node": ">= 10"
      }
    },
    "node_modules/@tauri-apps/cli-linux-x64-gnu": {
      "version": "2.11.5",
      "resolved": "https://registry.npmjs.org/@tauri-apps/cli-linux-x64-gnu/-/cli-linux-x64-gnu-2.11.5.tgz",
      "integrity": "sha512-Xz1s87gFjZJZMQKAhLa77YeiCJM6yVog3f9OxDgVd/KxDIoB1dA5V2xOnMM+SRkOGk9juwIBqesVAjV0kUB0DA==",
      "cpu": [
        "x64"
      ],
      "dev": true,
      "license": "Apache-2.0 OR MIT",
      "optional": true,
      "os": [
        "linux"
      ],
      "engines": {
        "node": ">= 10"
      }
    },
    "node_modules/@tauri-apps/cli-linux-x64-musl": {
      "version": "2.11.5",
      "resolved": "https://registry.npmjs.org/@tauri-apps/cli-linux-x64-musl/-/cli-linux-x64-musl-2.11.5.tgz",
      "integrity": "sha512-6A88wqAZXZHgMaBrGiy/Bpa4GgUnftXM7uquKOeOXCuK78/XdBxEECicK/1oHgrT179XBFOaA6lQEHysjRmGig==",
      "cpu": [
        "x64"
      ],
      "dev": true,
      "license": "Apache-2.0 OR MIT",
      "optional": true,
      "os": [
        "linux"
      ],
      "engines": {
        "node": ">= 10"
      }
    },
    "node_modules/@tauri-apps/cli-win32-arm64-msvc": {
      "version": "2.11.5",
      "resolved": "https://registry.npmjs.org/@tauri-apps/cli-win32-arm64-msvc/-/cli-win32-arm64-msvc-2.11.5.tgz",
      "integrity": "sha512-sRGgF/ObRfLcS3PtUdyTbJtkGq3E+PNZTknvAURwMNUtHw9DU/BF6S5si43y9lS5yEO9bWJCA+GGYvnn6cphQw==",
      "cpu": [
        "arm64"
      ],
      "dev": true,
      "license": "Apache-2.0 OR MIT",
      "optional": true,
      "os": [
        "win32"
      ],
      "engines": {
        "node": ">= 10"
      }
    },
    "node_modules/@tauri-apps/cli-win32-ia32-msvc": {
      "version": "2.11.5",
      "resolved": "https://registry.npmjs.org/@tauri-apps/cli-win32-ia32-msvc/-/cli-win32-ia32-msvc-2.11.5.tgz",
      "integrity": "sha512-bHOv/yxqfKpI7ioIFQi5wOfZ7jkbPzJD/UhXY52I/hrmE3qNh71cohIPyqZB5GQn3LZeJWdCUOqmIg/w6XX+Wg==",
      "cpu": [
        "ia32"
      ],
      "dev": true,
      "license": "Apache-2.0 OR MIT",
      "optional": true,
      "os": [
        "win32"
      ],
      "engines": {
        "node": ">= 10"
      }
    },
    "node_modules/@tauri-apps/cli-win32-x64-msvc": {
      "version": "2.11.5",
      "resolved": "https://registry.npmjs.org/@tauri-apps/cli-win32-x64-msvc/-/cli-win32-x64-msvc-2.11.5.tgz",
      "integrity": "sha512-vaaOmavqdCeS7oMib2banBZemgrC5v54tSkwoBV+bxrXQZhQZrOwE2EO2i4x+CHNtvQUM/6bSs3iymZMAsycWg==",
      "cpu": [
        "x64"
      ],
      "dev": true,
      "license": "Apache-2.0 OR MIT",
      "optional": true,
      "os": [
        "win32"
      ],
      "engines": {
        "node": ">= 10"
      }
    }
  }
}
